PODS:
  - BlocksKit (2.2.5):
    - BlocksKit/All
  - BlocksKit/All (2.2.5):
    - BlocksKit/Core
    - BlocksKit/DynamicDelegate
    - BlocksKit/MessageUI
    - BlocksKit/UIKit
  - BlocksKit/Core (2.2.5)
  - BlocksKit/DynamicDelegate (2.2.5)
  - BlocksKit/MessageUI (2.2.5):
    - BlocksKit/Core
    - BlocksKit/DynamicDelegate
  - BlocksKit/UIKit (2.2.5):
    - BlocksKit/Core
    - BlocksKit/DynamicDelegate
  - NSObject-ObjectMap (2.3.1)
  - Overline-BlocksKit (0.4.0)
  - UIView+Positioning (1.1)

DEPENDENCIES:
  - BlocksKit (= 2.2.5)
  - NSObject-ObjectMap (= 2.3.1)
  - Overline-BlocksKit (= 0.4.0)
  - UIView+Positioning (= 1.1)

SPEC CHECKSUMS:
  BlocksKit: 7f422b971407001178d181a43b99014ea2591fe6
  NSObject-ObjectMap: 3223c0c994a8e3de44ccb74ddf3e63c86821c015
  Overline-BlocksKit: 8bda4f80ee14793ad78cd4d53a80351c345ee337
  UIView+Positioning: e93fe9e3186d1ed7d60e344aa12787911e902056

COCOAPODS: 0.33.1
