// !$*UTF8*$!
{
	archiveVersion = 1;
	classes = {
	};
	objectVersion = 46;
	objects = {

/* Begin PBXBuildFile section */
		284292391ACA277900274ADA /* main.m in Sources */ = {isa = PBXBuildFile; fileRef = 284292381ACA277900274ADA /* main.m */; };
		2842923C1ACA277900274ADA /* AppDelegate.m in Sources */ = {isa = PBXBuildFile; fileRef = 2842923B1ACA277900274ADA /* AppDelegate.m */; };
		2842923F1ACA277900274ADA /* ViewController.m in Sources */ = {isa = PBXBuildFile; fileRef = 2842923E1ACA277900274ADA /* ViewController.m */; };
		284292421ACA277900274ADA /* Main.storyboard in Resources */ = {isa = PBXBuildFile; fileRef = 284292401ACA277900274ADA /* Main.storyboard */; };
		284292441ACA277900274ADA /* Images.xcassets in Resources */ = {isa = PBXBuildFile; fileRef = 284292431ACA277900274ADA /* Images.xcassets */; };
		284292471ACA277900274ADA /* LaunchScreen.xib in Resources */ = {isa = PBXBuildFile; fileRef = 284292451ACA277900274ADA /* LaunchScreen.xib */; };
		284292531ACA277900274ADA /* TWTestTests.m in Sources */ = {isa = PBXBuildFile; fileRef = 284292521ACA277900274ADA /* TWTestTests.m */; };
/* End PBXBuildFile section */

/* Begin PBXContainerItemProxy section */
		2842924D1ACA277900274ADA /* PBXContainerItemProxy */ = {
			isa = PBXContainerItemProxy;
			containerPortal = 2842922B1ACA277900274ADA /* Project object */;
			proxyType = 1;
			remoteGlobalIDString = 284292321ACA277900274ADA;
			remoteInfo = TWTest;
		};
/* End PBXContainerItemProxy section */

/* Begin PBXFileReference section */
		284292331ACA277900274ADA /* TWTest.app */ = {isa = PBXFileReference; explicitFileType = wrapper.application; includeInIndex = 0; path = TWTest.app; sourceTree = BUILT_PRODUCTS_DIR; };
		284292371ACA277900274ADA /* Info.plist */ = {isa = PBXFileReference; lastKnownFileType = text.plist.xml; path = Info.plist; sourceTree = "<group>"; };
		284292381ACA277900274ADA /* main.m */ = {isa = PBXFileReference; lastKnownFileType = sourcecode.c.objc; path = main.m; sourceTree = "<group>"; };
		2842923A1ACA277900274ADA /* AppDelegate.h */ = {isa = PBXFileReference; lastKnownFileType = sourcecode.c.h; path = AppDelegate.h; sourceTree = "<group>"; };
		2842923B1ACA277900274ADA /* AppDelegate.m */ = {isa = PBXFileReference; lastKnownFileType = sourcecode.c.objc; path = AppDelegate.m; sourceTree = "<group>"; };
		2842923D1ACA277900274ADA /* ViewController.h */ = {isa = PBXFileReference; lastKnownFileType = sourcecode.c.h; path = ViewController.h; sourceTree = "<group>"; };
		2842923E1ACA277900274ADA /* ViewController.m */ = {isa = PBXFileReference; lastKnownFileType = sourcecode.c.objc; path = ViewController.m; sourceTree = "<group>"; };
		284292411ACA277900274ADA /* Base */ = {isa = PBXFileReference; lastKnownFileType = file.storyboard; name = Base; path = Base.lproj/Main.storyboard; sourceTree = "<group>"; };
		284292431ACA277900274ADA /* Images.xcassets */ = {isa = PBXFileReference; lastKnownFileType = folder.assetcatalog; path = Images.xcassets; sourceTree = "<group>"; };
		284292461ACA277900274ADA /* Base */ = {isa = PBXFileReference; lastKnownFileType = file.xib; name = Base; path = Base.lproj/LaunchScreen.xib; sourceTree = "<group>"; };
		2842924C1ACA277900274ADA /* TWTestTests.xctest */ = {isa = PBXFileReference; explicitFileType = wrapper.cfbundle; includeInIndex = 0; path = TWTestTests.xctest; sourceTree = BUILT_PRODUCTS_DIR; };
		284292511ACA277900274ADA /* Info.plist */ = {isa = PBXFileReference; lastKnownFileType = text.plist.xml; path = Info.plist; sourceTree = "<group>"; };
		284292521ACA277900274ADA /* TWTestTests.m */ = {isa = PBXFileReference; lastKnownFileType = sourcecode.c.objc; path = TWTestTests.m; sourceTree = "<group>"; };
/* End PBXFileReference section */

/* Begin PBXFrameworksBuildPhase section */
		284292301ACA277900274ADA /* Frameworks */ = {
			isa = PBXFrameworksBuildPhase;
			buildActionMask = 2147483647;
			files = (
			);
			runOnlyForDeploymentPostprocessing = 0;
		};
		284292491ACA277900274ADA /* Frameworks */ = {
			isa = PBXFrameworksBuildPhase;
			buildActionMask = 2147483647;
			files = (
			);
			runOnlyForDeploymentPostprocessing = 0;
		};
/* End PBXFrameworksBuildPhase section */

/* Begin PBXGroup section */
		2842922A1ACA277900274ADA = {
			isa = PBXGroup;
			children = (
				284292351ACA277900274ADA /* TWTest */,
				2842924F1ACA277900274ADA /* TWTestTests */,
				284292341ACA277900274ADA /* Products */,
			);
			sourceTree = "<group>";
		};
		284292341ACA277900274ADA /* Products */ = {
			isa = PBXGroup;
			children = (
				284292331ACA277900274ADA /* TWTest.app */,
				2842924C1ACA277900274ADA /* TWTestTests.xctest */,
			);
			name = Products;
			sourceTree = "<group>";
		};
		284292351ACA277900274ADA /* TWTest */ = {
			isa = PBXGroup;
			children = (
				2842923A1ACA277900274ADA /* AppDelegate.h */,
				2842923B1ACA277900274ADA /* AppDelegate.m */,
				2842923D1ACA277900274ADA /* ViewController.h */,
				2842923E1ACA277900274ADA /* ViewController.m */,
				284292401ACA277900274ADA /* Main.storyboard */,
				284292431ACA277900274ADA /* Images.xcassets */,
				284292451ACA277900274ADA /* LaunchScreen.xib */,
				284292361ACA277900274ADA /* Supporting Files */,
			);
			path = TWTest;
			sourceTree = "<group>";
		};
		284292361ACA277900274ADA /* Supporting Files */ = {
			isa = PBXGroup;
			children = (
				284292371ACA277900274ADA /* Info.plist */,
				284292381ACA277900274ADA /* main.m */,
			);
			name = "Supporting Files";
			sourceTree = "<group>";
		};
		2842924F1ACA277900274ADA /* TWTestTests */ = {
			isa = PBXGroup;
			children = (
				284292521ACA277900274ADA /* TWTestTests.m */,
				284292501ACA277900274ADA /* Supporting Files */,
			);
			path = TWTestTests;
			sourceTree = "<group>";
		};
		284292501ACA277900274ADA /* Supporting Files */ = {
			isa = PBXGroup;
			children = (
				284292511ACA277900274ADA /* Info.plist */,
			);
			name = "Supporting Files";
			sourceTree = "<group>";
		};
/* End PBXGroup section */

/* Begin PBXNativeTarget section */
		284292321ACA277900274ADA /* TWTest */ = {
			isa = PBXNativeTarget;
			buildConfigurationList = 284292561ACA277900274ADA /* Build configuration list for PBXNativeTarget "TWTest" */;
			buildPhases = (
				2842922F1ACA277900274ADA /* Sources */,
				284292301ACA277900274ADA /* Frameworks */,
				284292311ACA277900274ADA /* Resources */,
			);
			buildRules = (
			);
			dependencies = (
			);
			name = TWTest;
			productName = TWTest;
			productReference = 284292331ACA277900274ADA /* TWTest.app */;
			productType = "com.apple.product-type.application";
		};
		2842924B1ACA277900274ADA /* TWTestTests */ = {
			isa = PBXNativeTarget;
			buildConfigurationList = 284292591ACA277900274ADA /* Build configuration list for PBXNativeTarget "TWTestTests" */;
			buildPhases = (
				284292481ACA277900274ADA /* Sources */,
				284292491ACA277900274ADA /* Frameworks */,
				2842924A1ACA277900274ADA /* Resources */,
			);
			buildRules = (
			);
			dependencies = (
				2842924E1ACA277900274ADA /* PBXTargetDependency */,
			);
			name = TWTestTests;
			productName = TWTestTests;
			productReference = 2842924C1ACA277900274ADA /* TWTestTests.xctest */;
			productType = "com.apple.product-type.bundle.unit-test";
		};
/* End PBXNativeTarget section */

/* Begin PBXProject section */
		2842922B1ACA277900274ADA /* Project object */ = {
			isa = PBXProject;
			attributes = {
				LastUpgradeCheck = 0620;
				ORGANIZATIONNAME = TW;
				TargetAttributes = {
					284292321ACA277900274ADA = {
						CreatedOnToolsVersion = 6.2;
					};
					2842924B1ACA277900274ADA = {
						CreatedOnToolsVersion = 6.2;
						TestTargetID = 284292321ACA277900274ADA;
					};
				};
			};
			buildConfigurationList = 2842922E1ACA277900274ADA /* Build configuration list for PBXProject "TWTest" */;
			compatibilityVersion = "Xcode 3.2";
			developmentRegion = English;
			hasScannedForEncodings = 0;
			knownRegions = (
				en,
				Base,
			);
			mainGroup = 2842922A1ACA277900274ADA;
			productRefGroup = 284292341ACA277900274ADA /* Products */;
			projectDirPath = "";
			projectRoot = "";
			targets = (
				284292321ACA277900274ADA /* TWTest */,
				2842924B1ACA277900274ADA /* TWTestTests */,
			);
		};
/* End PBXProject section */

/* Begin PBXResourcesBuildPhase section */
		284292311ACA277900274ADA /* Resources */ = {
			isa = PBXResourcesBuildPhase;
			buildActionMask = 2147483647;
			files = (
				284292421ACA277900274ADA /* Main.storyboard in Resources */,
				284292471ACA277900274ADA /* LaunchScreen.xib in Resources */,
				284292441ACA277900274ADA /* Images.xcassets in Resources */,
			);
			runOnlyForDeploymentPostprocessing = 0;
		};
		2842924A1ACA277900274ADA /* Resources */ = {
			isa = PBXResourcesBuildPhase;
			buildActionMask = 2147483647;
			files = (
			);
			runOnlyForDeploymentPostprocessing = 0;
		};
/* End PBXResourcesBuildPhase section */

/* Begin PBXSourcesBuildPhase section */
		2842922F1ACA277900274ADA /* Sources */ = {
			isa = PBXSourcesBuildPhase;
			buildActionMask = 2147483647;
			files = (
				2842923F1ACA277900274ADA /* ViewController.m in Sources */,
				2842923C1ACA277900274ADA /* AppDelegate.m in Sources */,
				284292391ACA277900274ADA /* main.m in Sources */,
			);
			runOnlyForDeploymentPostprocessing = 0;
		};
		284292481ACA277900274ADA /* Sources */ = {
			isa = PBXSourcesBuildPhase;
			buildActionMask = 2147483647;
			files = (
				284292531ACA277900274ADA /* TWTestTests.m in Sources */,
			);
			runOnlyForDeploymentPostprocessing = 0;
		};
/* End PBXSourcesBuildPhase section */

/* Begin PBXTargetDependency section */
		2842924E1ACA277900274ADA /* PBXTargetDependency */ = {
			isa = PBXTargetDependency;
			target = 284292321ACA277900274ADA /* TWTest */;
			targetProxy = 2842924D1ACA277900274ADA /* PBXContainerItemProxy */;
		};
/* End PBXTargetDependency section */

/* Begin PBXVariantGroup section */
		284292401ACA277900274ADA /* Main.storyboard */ = {
			isa = PBXVariantGroup;
			children = (
				284292411ACA277900274ADA /* Base */,
			);
			name = Main.storyboard;
			sourceTree = "<group>";
		};
		284292451ACA277900274ADA /* LaunchScreen.xib */ = {
			isa = PBXVariantGroup;
			children = (
				284292461ACA277900274ADA /* Base */,
			);
			name = LaunchScreen.xib;
			sourceTree = "<group>";
		};
/* End PBXVariantGroup section */

/* Begin XCBuildConfiguration section */
		284292541ACA277900274ADA /* Debug */ = {
			isa = XCBuildConfiguration;
			buildSettings = {
				ALWAYS_SEARCH_USER_PATHS = NO;
				CLANG_CXX_LANGUAGE_STANDARD = "gnu++0x";
				CLANG_CXX_LIBRARY = "libc++";
				CLANG_ENABLE_MODULES = YES;
				CLANG_ENABLE_OBJC_ARC = YES;
				CLANG_WARN_BOOL_CONVERSION = YES;
				CLANG_WARN_CONSTANT_CONVERSION = YES;
				CLANG_WARN_DIRECT_OBJC_ISA_USAGE = YES_ERROR;
				CLANG_WARN_EMPTY_BODY = YES;
				CLANG_WARN_ENUM_CONVERSION = YES;
				CLANG_WARN_INT_CONVERSION = YES;
				CLANG_WARN_OBJC_ROOT_CLASS = YES_ERROR;
				CLANG_WARN_UNREACHABLE_CODE = YES;
				CLANG_WARN__DUPLICATE_METHOD_MATCH = YES;
				"CODE_SIGN_IDENTITY[sdk=iphoneos*]" = "iPhone Developer";
				COPY_PHASE_STRIP = NO;
				ENABLE_STRICT_OBJC_MSGSEND = YES;
				GCC_C_LANGUAGE_STANDARD = gnu99;
				GCC_DYNAMIC_NO_PIC = NO;
				GCC_OPTIMIZATION_LEVEL = 0;
				GCC_PREPROCESSOR_DEFINITIONS = (
					"DEBUG=1",
					"$(inherited)",
				);
				GCC_SYMBOLS_PRIVATE_EXTERN = NO;
				GCC_WARN_64_TO_32_BIT_CONVERSION = YES;
				GCC_WARN_ABOUT_RETURN_TYPE = YES_ERROR;
				GCC_WARN_UNDECLARED_SELECTOR = YES;
				GCC_WARN_UNINITIALIZED_AUTOS = YES_AGGRESSIVE;
				GCC_WARN_UNUSED_FUNCTION = YES;
				GCC_WARN_UNUSED_VARIABLE = YES;
				IPHONEOS_DEPLOYMENT_TARGET = 8.2;
				MTL_ENABLE_DEBUG_INFO = YES;
				ONLY_ACTIVE_ARCH = YES;
				SDKROOT = iphoneos;
			};
			name = Debug;
		};
		284292551ACA277900274ADA /* Release */ = {
			isa = XCBuildConfiguration;
			buildSettings = {
				ALWAYS_SEARCH_USER_PATHS = NO;
				CLANG_CXX_LANGUAGE_STANDARD = "gnu++0x";
				CLANG_CXX_LIBRARY = "libc++";
				CLANG_ENABLE_MODULES = YES;
				CLANG_ENABLE_OBJC_ARC = YES;
				CLANG_WARN_BOOL_CONVERSION = YES;
				CLANG_WARN_CONSTANT_CONVERSION = YES;
				CLANG_WARN_DIRECT_OBJC_ISA_USAGE = YES_ERROR;
				CLANG_WARN_EMPTY_BODY = YES;
				CLANG_WARN_ENUM_CONVERSION = YES;
				CLANG_WARN_INT_CONVERSION = YES;
				CLANG_WARN_OBJC_ROOT_CLASS = YES_ERROR;
				CLANG_WARN_UNREACHABLE_CODE = YES;
				CLANG_WARN__DUPLICATE_METHOD_MATCH = YES;
				"CODE_SIGN_IDENTITY[sdk=iphoneos*]" = "iPhone Developer";
				COPY_PHASE_STRIP = NO;
				ENABLE_NS_ASSERTIONS = NO;
				ENABLE_STRICT_OBJC_MSGSEND = YES;
				GCC_C_LANGUAGE_STANDARD = gnu99;
				GCC_WARN_64_TO_32_BIT_CONVERSION = YES;
				GCC_WARN_ABOUT_RETURN_TYPE = YES_ERROR;
				GCC_WARN_UNDECLARED_SELECTOR = YES;
				GCC_WARN_UNINITIALIZED_AUTOS = YES_AGGRESSIVE;
				GCC_WARN_UNUSED_FUNCTION = YES;
				GCC_WARN_UNUSED_VARIABLE = YES;
				IPHONEOS_DEPLOYMENT_TARGET = 8.2;
				MTL_ENABLE_DEBUG_INFO = NO;
				SDKROOT = iphoneos;
				VALIDATE_PRODUCT = YES;
			};
			name = Release;
		};
		284292571ACA277900274ADA /* Debug */ = {
			isa = XCBuildConfiguration;
			buildSettings = {
				ASSETCATALOG_COMPILER_APPICON_NAME = AppIcon;
				INFOPLIST_FILE = TWTest/Info.plist;
				LD_RUNPATH_SEARCH_PATHS = "$(inherited) @executable_path/Frameworks";
				PRODUCT_NAME = "$(TARGET_NAME)";
			};
			name = Debug;
		};
		284292581ACA277900274ADA /* Release */ = {
			isa = XCBuildConfiguration;
			buildSettings = {
				ASSETCATALOG_COMPILER_APPICON_NAME = AppIcon;
				INFOPLIST_FILE = TWTest/Info.plist;
				LD_RUNPATH_SEARCH_PATHS = "$(inherited) @executable_path/Frameworks";
				PRODUCT_NAME = "$(TARGET_NAME)";
			};
			name = Release;
		};
		2842925A1ACA277900274ADA /* Debug */ = {
			isa = XCBuildConfiguration;
			buildSettings = {
				BUNDLE_LOADER = "$(TEST_HOST)";
				FRAMEWORK_SEARCH_PATHS = (
					"$(SDKROOT)/Developer/Library/Frameworks",
					"$(inherited)",
				);
				GCC_PREPROCESSOR_DEFINITIONS = (
					"DEBUG=1",
					"$(inherited)",
				);
				INFOPLIST_FILE = TWTestTests/Info.plist;
				LD_RUNPATH_SEARCH_PATHS = "$(inherited) @executable_path/Frameworks @loader_path/Frameworks";
				PRODUCT_NAME = "$(TARGET_NAME)";
				TEST_HOST = "$(BUILT_PRODUCTS_DIR)/TWTest.app/TWTest";
			};
			name = Debug;
		};
		2842925B1ACA277900274ADA /* Release */ = {
			isa = XCBuildConfiguration;
			buildSettings = {
				BUNDLE_LOADER = "$(TEST_HOST)";
				FRAMEWORK_SEARCH_PATHS = (
					"$(SDKROOT)/Developer/Library/Frameworks",
					"$(inherited)",
				);
				INFOPLIST_FILE = TWTestTests/Info.plist;
				LD_RUNPATH_SEARCH_PATHS = "$(inherited) @executable_path/Frameworks @loader_path/Frameworks";
				PRODUCT_NAME = "$(TARGET_NAME)";
				TEST_HOST = "$(BUILT_PRODUCTS_DIR)/TWTest.app/TWTest";
			};
			name = Release;
		};
/* End XCBuildConfiguration section */

/* Begin XCConfigurationList section */
		2842922E1ACA277900274ADA /* Build configuration list for PBXProject "TWTest" */ = {
			isa = XCConfigurationList;
			buildConfigurations = (
				284292541ACA277900274ADA /* Debug */,
				284292551ACA277900274ADA /* Release */,
			);
			defaultConfigurationIsVisible = 0;
			defaultConfigurationName = Release;
		};
		284292561ACA277900274ADA /* Build configuration list for PBXNativeTarget "TWTest" */ = {
			isa = XCConfigurationList;
			buildConfigurations = (
				284292571ACA277900274ADA /* Debug */,
				284292581ACA277900274ADA /* Release */,
			);
			defaultConfigurationIsVisible = 0;
		};
		284292591ACA277900274ADA /* Build configuration list for PBXNativeTarget "TWTestTests" */ = {
			isa = XCConfigurationList;
			buildConfigurations = (
				2842925A1ACA277900274ADA /* Debug */,
				2842925B1ACA277900274ADA /* Release */,
			);
			defaultConfigurationIsVisible = 0;
		};
/* End XCConfigurationList section */
	};
	rootObject = 2842922B1ACA277900274ADA /* Project object */;
}
